<?xml version="1.0" encoding="utf-8"?>
<Project ToolsVersion="4.0" xmlns="http://schemas.microsoft.com/developer/msbuild/2003">
  <ItemGroup>
    <ClCompile Include="..\..\src\camera.cpp" />
    <ClCompile Include="..\..\src\game.cpp" />
    <ClCompile Include="..\..\src\main.cpp" />
    <ClCompile Include="..\..\src\extra\textparser.cpp">
      <Filter>extra</Filter>
    </ClCompile>
    <ClCompile Include="..\..\src\extra\coldet\box.cpp">
      <Filter>extra\coldet</Filter>
    </ClCompile>
    <ClCompile Include="..\..\src\extra\coldet\box_bld.cpp">
      <Filter>extra\coldet</Filter>
    </ClCompile>
    <ClCompile Include="..\..\src\extra\coldet\coldet.cpp">
      <Filter>extra\coldet</Filter>
    </ClCompile>
    <ClCompile Include="..\..\src\extra\coldet\coldet_bld.cpp">
      <Filter>extra\coldet</Filter>
    </ClCompile>
    <ClCompile Include="..\..\src\extra\coldet\math3d.cpp">
      <Filter>extra\coldet</Filter>
    </ClCompile>
    <ClCompile Include="..\..\src\extra\coldet\mytritri.cpp">
      <Filter>extra\coldet</Filter>
    </ClCompile>
    <ClCompile Include="..\..\src\extra\coldet\sysdep.cpp">
      <Filter>extra\coldet</Filter>
    </ClCompile>
    <ClCompile Include="..\..\src\extra\coldet\tritri.c">
      <Filter>extra\coldet</Filter>
    </ClCompile>
    <ClCompile Include="..\..\src\extra\picopng.cpp">
      <Filter>extra</Filter>
    </ClCompile>
    <ClCompile Include="..\..\src\fbo.cpp">
      <Filter>gfx</Filter>
    </ClCompile>
    <ClCompile Include="..\..\src\rendertotexture.cpp">
      <Filter>gfx</Filter>
    </ClCompile>
    <ClCompile Include="..\..\src\texture.cpp">
      <Filter>gfx</Filter>
    </ClCompile>
    <ClCompile Include="..\..\src\shader.cpp">
      <Filter>gfx</Filter>
    </ClCompile>
    <ClCompile Include="..\..\src\mesh.cpp">
      <Filter>gfx</Filter>
    </ClCompile>
    <ClCompile Include="..\..\src\framework.cpp">
      <Filter>utils</Filter>
    </ClCompile>
    <ClCompile Include="..\..\src\utils.cpp">
      <Filter>utils</Filter>
    </ClCompile>
    <ClCompile Include="..\..\src\input.cpp">
      <Filter>utils</Filter>
    </ClCompile>
    <ClCompile Include="..\..\src\animation.cpp">
      <Filter>gfx</Filter>
    </ClCompile>
    <ClCompile Include="..\..\src\our_utils.cpp">
      <Filter>utils</Filter>
    </ClCompile>
    <ClCompile Include="..\..\src\stage.cpp">
      <Filter>our game\stages</Filter>
    </ClCompile>
    <ClCompile Include="..\..\src\stageManager.cpp">
      <Filter>our game\stages</Filter>
    </ClCompile>
    <ClCompile Include="..\..\src\nightStage.cpp">
      <Filter>our game\stages</Filter>
    </ClCompile>
    <ClCompile Include="..\..\src\dayStage.cpp">
      <Filter>our game\stages</Filter>
    </ClCompile>
    <ClCompile Include="..\..\src\entity.cpp">
      <Filter>our game\entities</Filter>
    </ClCompile>
    <ClCompile Include="..\..\src\worldEntities.cpp">
      <Filter>our game\entities</Filter>
    </ClCompile>
    <ClCompile Include="..\..\src\player.cpp">
      <Filter>our game\entities</Filter>
    </ClCompile>
    <ClCompile Include="..\..\src\animationManager.cpp">
      <Filter>our game\entities</Filter>
    </ClCompile>
    <ClCompile Include="..\..\src\nightMenu.cpp">
      <Filter>our game\entities</Filter>
    </ClCompile>
    <ClCompile Include="..\..\src\world.cpp">
      <Filter>our game</Filter>
    </ClCompile>
    <ClCompile Include="..\..\src\audio.cpp" />
  </ItemGroup>
  <ItemGroup>
    <ClInclude Include="..\..\src\camera.h" />
    <ClInclude Include="..\..\src\game.h" />
    <ClInclude Include="..\..\src\extra\textparser.h">
      <Filter>extra</Filter>
    </ClInclude>
    <ClInclude Include="..\..\src\extra\coldet\box.h">
      <Filter>extra\coldet</Filter>
    </ClInclude>
    <ClInclude Include="..\..\src\extra\coldet\coldet.h">
      <Filter>extra\coldet</Filter>
    </ClInclude>
    <ClInclude Include="..\..\src\extra\coldet\coldetimpl.h">
      <Filter>extra\coldet</Filter>
    </ClInclude>
    <ClInclude Include="..\..\src\extra\coldet\math3d.h">
      <Filter>extra\coldet</Filter>
    </ClInclude>
    <ClInclude Include="..\..\src\extra\coldet\mytritri.h">
      <Filter>extra\coldet</Filter>
    </ClInclude>
    <ClInclude Include="..\..\src\extra\coldet\sysdep.h">
      <Filter>extra\coldet</Filter>
    </ClInclude>
    <ClInclude Include="..\..\src\extra\picopng.h">
      <Filter>extra</Filter>
    </ClInclude>
    <ClInclude Include="..\..\src\fbo.h">
      <Filter>gfx</Filter>
    </ClInclude>
    <ClInclude Include="..\..\src\rendertotexture.h">
      <Filter>gfx</Filter>
    </ClInclude>
    <ClInclude Include="..\..\src\texture.h">
      <Filter>gfx</Filter>
    </ClInclude>
    <ClInclude Include="..\..\src\shader.h">
      <Filter>gfx</Filter>
    </ClInclude>
    <ClInclude Include="..\..\src\mesh.h">
      <Filter>gfx</Filter>
    </ClInclude>
    <ClInclude Include="..\..\src\framework.h">
      <Filter>utils</Filter>
    </ClInclude>
    <ClInclude Include="..\..\src\utils.h">
      <Filter>utils</Filter>
    </ClInclude>
    <ClInclude Include="..\..\src\includes.h">
      <Filter>utils</Filter>
    </ClInclude>
    <ClInclude Include="..\..\src\input.h">
      <Filter>utils</Filter>
    </ClInclude>
    <ClInclude Include="..\..\src\animation.h">
      <Filter>gfx</Filter>
    </ClInclude>
    <ClInclude Include="..\..\src\our_utils.h">
      <Filter>utils</Filter>
    </ClInclude>
    <ClInclude Include="..\..\src\extra\bass.h">
      <Filter>extra</Filter>
    </ClInclude>
    <ClInclude Include="..\..\src\stageManager.h">
      <Filter>our game\stages</Filter>
    </ClInclude>
    <ClInclude Include="..\..\src\stage.h">
      <Filter>our game\stages</Filter>
    </ClInclude>
    <ClInclude Include="..\..\src\nightStage.h">
      <Filter>our game\stages</Filter>
    </ClInclude>
    <ClInclude Include="..\..\src\dayStage.h">
      <Filter>our game\stages</Filter>
    </ClInclude>
    <ClInclude Include="..\..\src\entity.h">
      <Filter>our game\entities</Filter>
    </ClInclude>
    <ClInclude Include="..\..\src\worldEntities.h">
      <Filter>our game\entities</Filter>
    </ClInclude>
    <ClInclude Include="..\..\src\player.h">
      <Filter>our game\entities</Filter>
    </ClInclude>
    <ClInclude Include="..\..\src\animationManager.h">
      <Filter>our game\entities</Filter>
    </ClInclude>
    <ClInclude Include="..\..\src\nightMenu.h">
      <Filter>our game\entities</Filter>
    </ClInclude>
    <ClInclude Include="..\..\src\world.h">
      <Filter>our game</Filter>
    </ClInclude>
    <ClInclude Include="..\..\src\audio.h" />
  </ItemGroup>
  <ItemGroup>
    <Filter Include="extra">
      <UniqueIdentifier>{0193360c-cb30-415b-af36-3a964b4283cc}</UniqueIdentifier>
    </Filter>
    <Filter Include="extra\coldet">
      <UniqueIdentifier>{9fb2af86-1d0f-47da-9841-0d09fb2479f8}</UniqueIdentifier>
    </Filter>
    <Filter Include="gfx">
      <UniqueIdentifier>{12f641db-a3cf-408b-ba79-f173c3a1594d}</UniqueIdentifier>
    </Filter>
    <Filter Include="utils">
      <UniqueIdentifier>{feb78646-9d96-43df-8d00-2397429ea3ef}</UniqueIdentifier>
    </Filter>
    <Filter Include="our game">
      <UniqueIdentifier>{94c17098-49b8-46be-b4a1-dce285c89080}</UniqueIdentifier>
    </Filter>
    <Filter Include="our game\entities">
      <UniqueIdentifier>{7f0b4709-d42d-480d-a15a-43db89fb3be6}</UniqueIdentifier>
    </Filter>
    <Filter Include="our game\stages">
      <UniqueIdentifier>{ad183ed7-90ba-4293-98e2-b2675e810f8e}</UniqueIdentifier>
    </Filter>
  </ItemGroup>
</Project>